
Microsoft Visual Studio Solution File, Format Version 10.00
# Visual Studio 2008
Project("{E24C65DC-7377-472B-9ABA-BC803B73C61A}") = "SilverlightApplication2Site", "SilverlightApplication2Site\", "{1368EB8E-3DFF-4752-9C3B-BD98397AA2BB}"
	ProjectSection(WebsiteProperties) = preProject
		TargetFramework = "3.5"
		ProjOutputReferences = "{cc8e4301-6a3c-4bbe-bf32-884936383114}|ClientBin|false;"
	EndProjectSection
EndProject
Project("{FAE04EC0-301F-11D3-BF4B-00C04F79EFBC}") = "SilverlightApplication2", "SilverlightApplication2\SilverlightApplication2.csproj", "{CC8E4301-6A3C-4BBE-BF32-884936383114}"
EndProject
Global
	GlobalSection(SolutionConfigurationPlatforms) = preSolution
		Debug|Any CPU = Debug|Any CPU
		Release|Any CPU = Release|Any CPU
	EndGlobalSection
	GlobalSection(ProjectConfigurationPlatforms) = postSolution
		{1368EB8E-3DFF-4752-9C3B-BD98397AA2BB}.Debug|Any CPU.ActiveCfg = Debug|Any CPU
		{1368EB8E-3DFF-4752-9C3B-BD98397AA2BB}.Debug|Any CPU.Build.0 = Debug|Any CPU
		{1368EB8E-3DFF-4752-9C3B-BD98397AA2BB}.Release|Any CPU.ActiveCfg = Release|Any CPU
		{1368EB8E-3DFF-4752-9C3B-BD98397AA2BB}.Release|Any CPU.Build.0 = Release|Any CPU
		{CC8E4301-6A3C-4BBE-BF32-884936383114}.Debug|Any CPU.ActiveCfg = Debug|Any CPU
		{CC8E4301-6A3C-4BBE-BF32-884936383114}.Debug|Any CPU.Build.0 = Debug|Any CPU
		{CC8E4301-6A3C-4BBE-BF32-884936383114}.Release|Any CPU.ActiveCfg = Release|Any CPU
		{CC8E4301-6A3C-4BBE-BF32-884936383114}.Release|Any CPU.Build.0 = Release|Any CPU
	EndGlobalSection
EndGlobal
