
Microsoft Visual Studio Solution File, Format Version 10.00
# Visual Studio 2008
Project("{E24C65DC-7377-472B-9ABA-BC803B73C61A}") = "SilverlightApplication1Site", "SilverlightApplication1Site\", "{EE844848-5B70-4BB6-95A4-C4B08A4FAD04}"
	ProjectSection(WebsiteProperties) = preProject
		TargetFramework = "3.5"
		ProjOutputReferences = "{0d717958-6014-4d74-98cb-72693cbe5ce2}|ClientBin|false;"
	EndProjectSection
EndProject
Project("{FAE04EC0-301F-11D3-BF4B-00C04F79EFBC}") = "SilverlightApplication1", "SilverlightApplication1\SilverlightApplication1.csproj", "{0D717958-6014-4D74-98CB-72693CBE5CE2}"
EndProject
Global
	GlobalSection(SolutionConfigurationPlatforms) = preSolution
		Debug|Any CPU = Debug|Any CPU
		Release|Any CPU = Release|Any CPU
	EndGlobalSection
	GlobalSection(ProjectConfigurationPlatforms) = postSolution
		{EE844848-5B70-4BB6-95A4-C4B08A4FAD04}.Debug|Any CPU.ActiveCfg = Debug|Any CPU
		{EE844848-5B70-4BB6-95A4-C4B08A4FAD04}.Debug|Any CPU.Build.0 = Debug|Any CPU
		{EE844848-5B70-4BB6-95A4-C4B08A4FAD04}.Release|Any CPU.ActiveCfg = Release|Any CPU
		{EE844848-5B70-4BB6-95A4-C4B08A4FAD04}.Release|Any CPU.Build.0 = Release|Any CPU
		{0D717958-6014-4D74-98CB-72693CBE5CE2}.Debug|Any CPU.ActiveCfg = Debug|Any CPU
		{0D717958-6014-4D74-98CB-72693CBE5CE2}.Debug|Any CPU.Build.0 = Debug|Any CPU
		{0D717958-6014-4D74-98CB-72693CBE5CE2}.Release|Any CPU.ActiveCfg = Release|Any CPU
		{0D717958-6014-4D74-98CB-72693CBE5CE2}.Release|Any CPU.Build.0 = Release|Any CPU
	EndGlobalSection
EndGlobal
